
Microsoft Visual Studio Solution File, Format Version 12.00
# Visual Studio 15
VisualStudioVersion = 15.0.27130.2024
MinimumVisualStudioVersion = 10.0.40219.1
Project("{FAE04EC0-301F-11D3-BF4B-00C04F79EFBC}") = "WebsitebanhangAPI.Common", "WebsitebanhangAPI.Common\WebsitebanhangAPI.Common.csproj", "{FC067D0A-499E-43F1-AB70-0C6EB3BEC74F}"
EndProject
Project("{FAE04EC0-301F-11D3-BF4B-00C04F79EFBC}") = "WebsitebanhangAPI.Data", "WebsitebanhangAPI.Data\WebsitebanhangAPI.Data.csproj", "{FEF845B5-FF6A-4C17-B159-37BCF92883CC}"
EndProject
Project("{FAE04EC0-301F-11D3-BF4B-00C04F79EFBC}") = "WebsitebanhangAPI.Model", "WebsitebanhangAPI.Model\WebsitebanhangAPI.Model.csproj", "{2FB4252F-1A08-4294-BD92-90BF68665CA3}"
EndProject
Project("{FAE04EC0-301F-11D3-BF4B-00C04F79EFBC}") = "WebsitebanhangAPI.Service", "WebsitebanhangAPI.Service\WebsitebanhangAPI.Service.csproj", "{B57002BB-3ECC-4D40-AEB2-2DA89F51EDD6}"
EndProject
Project("{FAE04EC0-301F-11D3-BF4B-00C04F79EFBC}") = "WebsitebanhangAPI.Web", "WebsitebanhangAPI.Web\WebsitebanhangAPI.Web.csproj", "{8FC88414-DF21-4EDA-88A8-A6D21978711A}"
EndProject
Project("{FAE04EC0-301F-11D3-BF4B-00C04F79EFBC}") = "WebsitebanhangAPI.UnitTest", "WebsitebanhangAPI.UnitTest\WebsitebanhangAPI.UnitTest.csproj", "{3759FD55-FEAA-4DC9-909E-CD11FCB31D8C}"
EndProject
Global
	GlobalSection(SolutionConfigurationPlatforms) = preSolution
		Debug|Any CPU = Debug|Any CPU
		Release|Any CPU = Release|Any CPU
	EndGlobalSection
	GlobalSection(ProjectConfigurationPlatforms) = postSolution
		{FC067D0A-499E-43F1-AB70-0C6EB3BEC74F}.Debug|Any CPU.ActiveCfg = Debug|Any CPU
		{FC067D0A-499E-43F1-AB70-0C6EB3BEC74F}.Debug|Any CPU.Build.0 = Debug|Any CPU
		{FC067D0A-499E-43F1-AB70-0C6EB3BEC74F}.Release|Any CPU.ActiveCfg = Release|Any CPU
		{FC067D0A-499E-43F1-AB70-0C6EB3BEC74F}.Release|Any CPU.Build.0 = Release|Any CPU
		{FEF845B5-FF6A-4C17-B159-37BCF92883CC}.Debug|Any CPU.ActiveCfg = Debug|Any CPU
		{FEF845B5-FF6A-4C17-B159-37BCF92883CC}.Debug|Any CPU.Build.0 = Debug|Any CPU
		{FEF845B5-FF6A-4C17-B159-37BCF92883CC}.Release|Any CPU.ActiveCfg = Release|Any CPU
		{FEF845B5-FF6A-4C17-B159-37BCF92883CC}.Release|Any CPU.Build.0 = Release|Any CPU
		{2FB4252F-1A08-4294-BD92-90BF68665CA3}.Debug|Any CPU.ActiveCfg = Debug|Any CPU
		{2FB4252F-1A08-4294-BD92-90BF68665CA3}.Debug|Any CPU.Build.0 = Debug|Any CPU
		{2FB4252F-1A08-4294-BD92-90BF68665CA3}.Release|Any CPU.ActiveCfg = Release|Any CPU
		{2FB4252F-1A08-4294-BD92-90BF68665CA3}.Release|Any CPU.Build.0 = Release|Any CPU
		{B57002BB-3ECC-4D40-AEB2-2DA89F51EDD6}.Debug|Any CPU.ActiveCfg = Debug|Any CPU
		{B57002BB-3ECC-4D40-AEB2-2DA89F51EDD6}.Debug|Any CPU.Build.0 = Debug|Any CPU
		{B57002BB-3ECC-4D40-AEB2-2DA89F51EDD6}.Release|Any CPU.ActiveCfg = Release|Any CPU
		{B57002BB-3ECC-4D40-AEB2-2DA89F51EDD6}.Release|Any CPU.Build.0 = Release|Any CPU
		{8FC88414-DF21-4EDA-88A8-A6D21978711A}.Debug|Any CPU.ActiveCfg = Debug|Any CPU
		{8FC88414-DF21-4EDA-88A8-A6D21978711A}.Debug|Any CPU.Build.0 = Debug|Any CPU
		{8FC88414-DF21-4EDA-88A8-A6D21978711A}.Release|Any CPU.ActiveCfg = Release|Any CPU
		{8FC88414-DF21-4EDA-88A8-A6D21978711A}.Release|Any CPU.Build.0 = Release|Any CPU
		{3759FD55-FEAA-4DC9-909E-CD11FCB31D8C}.Debug|Any CPU.ActiveCfg = Debug|Any CPU
		{3759FD55-FEAA-4DC9-909E-CD11FCB31D8C}.Debug|Any CPU.Build.0 = Debug|Any CPU
		{3759FD55-FEAA-4DC9-909E-CD11FCB31D8C}.Release|Any CPU.ActiveCfg = Release|Any CPU
		{3759FD55-FEAA-4DC9-909E-CD11FCB31D8C}.Release|Any CPU.Build.0 = Release|Any CPU
	EndGlobalSection
	GlobalSection(SolutionProperties) = preSolution
		HideSolutionNode = FALSE
	EndGlobalSection
	GlobalSection(ExtensibilityGlobals) = postSolution
		SolutionGuid = {D80F5899-D5B4-4E84-A721-31DF8F46BDA2}
	EndGlobalSection
EndGlobal
